# capa.lock - AUTO-GENERATED by `capa install`. DO NOT EDIT.
# Re-running `capa install` rewrites this file from capa.toml.

[[dependencies]]
name = "capa_test"
git = "https://github.com/nelsonduarte/capa_test"
pin = "v0.1.0"
pin_kind = "tag"
commit = "511e3cf5c954d4f9a989136f8eb3646bbc008a4b"
signing_key = "6C1D222D491FB88031E041A536CFB426101AA24B"
dev = true
